
Microsoft Visual Studio Solution File, Format Version 12.00
# Visual Studio Version 17
VisualStudioVersion = 17.0.31903.59
MinimumVisualStudioVersion = 10.0.40219.1
Project("{2150E333-8FDC-42A3-9474-1A3956D46DE8}") = "Lab1", "Lab1", "{D67E91EF-C9B4-4806-B0CB-F39E7CD49363}"
EndProject
Project("{FAE04EC0-301F-11D3-BF4B-00C04F79EFBC}") = "App", "Lab1\App\App.csproj", "{712291AF-F4C7-40AB-B095-9A3EFA2524F4}"
EndProject
Project("{FAE04EC0-301F-11D3-BF4B-00C04F79EFBC}") = "Tests", "Lab1\Tests\Tests.csproj", "{65F39D17-8274-42C7-B4B9-9F0F7F519358}"
EndProject
Project("{2150E333-8FDC-42A3-9474-1A3956D46DE8}") = "Lab2", "Lab2", "{F0123E5A-649C-4DF1-9C95-4FDA47E6D9E1}"
EndProject
Project("{FAE04EC0-301F-11D3-BF4B-00C04F79EFBC}") = "App", "Lab2\App\App.csproj", "{6C1AF0DE-B622-41D0-B9EF-3A142EBADD4C}"
EndProject
Project("{FAE04EC0-301F-11D3-BF4B-00C04F79EFBC}") = "Tests", "Lab2\Tests\Tests.csproj", "{AF2402AE-E71B-4980-A66A-FD3CCC77AA41}"
EndProject
Project("{2150E333-8FDC-42A3-9474-1A3956D46DE8}") = "Lab3", "Lab3", "{46ABCCD3-B7FF-4EFA-8383-AE68F36F9226}"
EndProject
Project("{FAE04EC0-301F-11D3-BF4B-00C04F79EFBC}") = "App", "Lab3\App\App.csproj", "{7A4F7801-61E7-4F31-BE2B-F3B97233CAB4}"
EndProject
Project("{FAE04EC0-301F-11D3-BF4B-00C04F79EFBC}") = "Tests", "Lab3\Tests\Tests.csproj", "{65717938-64FF-4178-8A5E-4065D79FA7A4}"
EndProject
Global
	GlobalSection(SolutionConfigurationPlatforms) = preSolution
		Debug|Any CPU = Debug|Any CPU
		Release|Any CPU = Release|Any CPU
	EndGlobalSection
	GlobalSection(SolutionProperties) = preSolution
		HideSolutionNode = FALSE
	EndGlobalSection
	GlobalSection(ProjectConfigurationPlatforms) = postSolution
		{712291AF-F4C7-40AB-B095-9A3EFA2524F4}.Debug|Any CPU.ActiveCfg = Debug|Any CPU
		{712291AF-F4C7-40AB-B095-9A3EFA2524F4}.Debug|Any CPU.Build.0 = Debug|Any CPU
		{712291AF-F4C7-40AB-B095-9A3EFA2524F4}.Release|Any CPU.ActiveCfg = Release|Any CPU
		{712291AF-F4C7-40AB-B095-9A3EFA2524F4}.Release|Any CPU.Build.0 = Release|Any CPU
		{65F39D17-8274-42C7-B4B9-9F0F7F519358}.Debug|Any CPU.ActiveCfg = Debug|Any CPU
		{65F39D17-8274-42C7-B4B9-9F0F7F519358}.Debug|Any CPU.Build.0 = Debug|Any CPU
		{65F39D17-8274-42C7-B4B9-9F0F7F519358}.Release|Any CPU.ActiveCfg = Release|Any CPU
		{65F39D17-8274-42C7-B4B9-9F0F7F519358}.Release|Any CPU.Build.0 = Release|Any CPU
		{6C1AF0DE-B622-41D0-B9EF-3A142EBADD4C}.Debug|Any CPU.ActiveCfg = Debug|Any CPU
		{6C1AF0DE-B622-41D0-B9EF-3A142EBADD4C}.Debug|Any CPU.Build.0 = Debug|Any CPU
		{6C1AF0DE-B622-41D0-B9EF-3A142EBADD4C}.Release|Any CPU.ActiveCfg = Release|Any CPU
		{6C1AF0DE-B622-41D0-B9EF-3A142EBADD4C}.Release|Any CPU.Build.0 = Release|Any CPU
		{AF2402AE-E71B-4980-A66A-FD3CCC77AA41}.Debug|Any CPU.ActiveCfg = Debug|Any CPU
		{AF2402AE-E71B-4980-A66A-FD3CCC77AA41}.Debug|Any CPU.Build.0 = Debug|Any CPU
		{AF2402AE-E71B-4980-A66A-FD3CCC77AA41}.Release|Any CPU.ActiveCfg = Release|Any CPU
		{AF2402AE-E71B-4980-A66A-FD3CCC77AA41}.Release|Any CPU.Build.0 = Release|Any CPU
		{7A4F7801-61E7-4F31-BE2B-F3B97233CAB4}.Debug|Any CPU.ActiveCfg = Debug|Any CPU
		{7A4F7801-61E7-4F31-BE2B-F3B97233CAB4}.Debug|Any CPU.Build.0 = Debug|Any CPU
		{7A4F7801-61E7-4F31-BE2B-F3B97233CAB4}.Release|Any CPU.ActiveCfg = Release|Any CPU
		{7A4F7801-61E7-4F31-BE2B-F3B97233CAB4}.Release|Any CPU.Build.0 = Release|Any CPU
		{65717938-64FF-4178-8A5E-4065D79FA7A4}.Debug|Any CPU.ActiveCfg = Debug|Any CPU
		{65717938-64FF-4178-8A5E-4065D79FA7A4}.Debug|Any CPU.Build.0 = Debug|Any CPU
		{65717938-64FF-4178-8A5E-4065D79FA7A4}.Release|Any CPU.ActiveCfg = Release|Any CPU
		{65717938-64FF-4178-8A5E-4065D79FA7A4}.Release|Any CPU.Build.0 = Release|Any CPU
	EndGlobalSection
	GlobalSection(NestedProjects) = preSolution
		{712291AF-F4C7-40AB-B095-9A3EFA2524F4} = {D67E91EF-C9B4-4806-B0CB-F39E7CD49363}
		{65F39D17-8274-42C7-B4B9-9F0F7F519358} = {D67E91EF-C9B4-4806-B0CB-F39E7CD49363}
		{6C1AF0DE-B622-41D0-B9EF-3A142EBADD4C} = {F0123E5A-649C-4DF1-9C95-4FDA47E6D9E1}
		{AF2402AE-E71B-4980-A66A-FD3CCC77AA41} = {F0123E5A-649C-4DF1-9C95-4FDA47E6D9E1}
		{7A4F7801-61E7-4F31-BE2B-F3B97233CAB4} = {46ABCCD3-B7FF-4EFA-8383-AE68F36F9226}
		{65717938-64FF-4178-8A5E-4065D79FA7A4} = {46ABCCD3-B7FF-4EFA-8383-AE68F36F9226}
	EndGlobalSection
EndGlobal
